lockfileVersion: '9.0'

settings:
  autoInstallPeers: true
  excludeLinksFromLockfile: false

importers:

  .:
    dependencies:
      '@workspace/backend':
        specifier: workspace:*
        version: link:../../packages/backend
      '@workspace/math':
        specifier: workspace:*
        version: link:../../packages/math
      '@workspace/ui':
        specifier: workspace:*
        version: link:../../packages/ui
      jotai:
        specifier: ^2.15.1
        version: 2.15.1
    devDependencies:
      '@workspace/eslint-config':
        specifier: workspace:^
        version: link:../../packages/eslint-config
      '@workspace/typescript-config':
        specifier: workspace:*
        version: link:../../packages/typescript-config

packages:

  jotai@2.15.1:
    resolution: {integrity: sha512-yHT1HAZ3ba2Q8wgaUQ+xfBzEtcS8ie687I8XVCBinfg4bNniyqLIN+utPXWKQE93LMF5fPbQSVRZqgpcN5yd6Q==}
    engines: {node: '>=12.20.0'}
    peerDependencies:
      '@babel/core': '>=7.0.0'
      '@babel/template': '>=7.0.0'
      '@types/react': '>=17.0.0'
      react: '>=17.0.0'
    peerDependenciesMeta:
      '@babel/core':
        optional: true
      '@babel/template':
        optional: true
      '@types/react':
        optional: true
      react:
        optional: true

snapshots:

  jotai@2.15.1: {}
